// !$*UTF8*$!
{
	archiveVersion = 1;
	classes = {
	};
	objectVersion = 46;
	objects = {

/* Begin PBXBuildFile section */
		F64104D01F09AFDD007898A7 /* main.m in Sources */ = {isa = PBXBuildFile; fileRef = F64104CF1F09AFDD007898A7 /* main.m */; };
		F64104D31F09AFDD007898A7 /* AppDelegate.m in Sources */ = {isa = PBXBuildFile; fileRef = F64104D21F09AFDD007898A7 /* AppDelegate.m */; };
		F64104D61F09AFDD007898A7 /* ViewController.m in Sources */ = {isa = PBXBuildFile; fileRef = F64104D51F09AFDD007898A7 /* ViewController.m */; };
		F64104D91F09AFDD007898A7 /* Main.storyboard in Resources */ = {isa = PBXBuildFile; fileRef = F64104D71F09AFDD007898A7 /* Main.storyboard */; };
		F64104DB1F09AFDD007898A7 /* Assets.xcassets in Resources */ = {isa = PBXBuildFile; fileRef = F64104DA1F09AFDD007898A7 /* Assets.xcassets */; };
		F64104DE1F09AFDD007898A7 /* LaunchScreen.storyboard in Resources */ = {isa = PBXBuildFile; fileRef = F64104DC1F09AFDD007898A7 /* LaunchScreen.storyboard */; };
		F64104EA1F09B025007898A7 /* Vehicle.m in Sources */ = {isa = PBXBuildFile; fileRef = F64104E91F09B025007898A7 /* Vehicle.m */; };
/* End PBXBuildFile section */

/* Begin PBXFileReference section */
		F64104CB1F09AFDD007898A7 /* getterSetter.app */ = {isa = PBXFileReference; explicitFileType = wrapper.application; includeInIndex = 0; path = getterSetter.app; sourceTree = BUILT_PRODUCTS_DIR; };
		F64104CF1F09AFDD007898A7 /* main.m */ = {isa = PBXFileReference; lastKnownFileType = sourcecode.c.objc; path = main.m; sourceTree = "<group>"; };
		F64104D11F09AFDD007898A7 /* AppDelegate.h */ = {isa = PBXFileReference; lastKnownFileType = sourcecode.c.h; path = AppDelegate.h; sourceTree = "<group>"; };
		F64104D21F09AFDD007898A7 /* AppDelegate.m */ = {isa = PBXFileReference; lastKnownFileType = sourcecode.c.objc; path = AppDelegate.m; sourceTree = "<group>"; };
		F64104D41F09AFDD007898A7 /* ViewController.h */ = {isa = PBXFileReference; lastKnownFileType = sourcecode.c.h; path = ViewController.h; sourceTree = "<group>"; };
		F64104D51F09AFDD007898A7 /* ViewController.m */ = {isa = PBXFileReference; lastKnownFileType = sourcecode.c.objc; path = ViewController.m; sourceTree = "<group>"; };
		F64104D81F09AFDD007898A7 /* Base */ = {isa = PBXFileReference; lastKnownFileType = file.storyboard; name = Base; path = Base.lproj/Main.storyboard; sourceTree = "<group>"; };
		F64104DA1F09AFDD007898A7 /* Assets.xcassets */ = {isa = PBXFileReference; lastKnownFileType = folder.assetcatalog; path = Assets.xcassets; sourceTree = "<group>"; };
		F64104DD1F09AFDD007898A7 /* Base */ = {isa = PBXFileReference; lastKnownFileType = file.storyboard; name = Base; path = Base.lproj/LaunchScreen.storyboard; sourceTree = "<group>"; };
		F64104DF1F09AFDD007898A7 /* Info.plist */ = {isa = PBXFileReference; lastKnownFileType = text.plist.xml; path = Info.plist; sourceTree = "<group>"; };
		F64104E81F09B025007898A7 /* Vehicle.h */ = {isa = PBXFileReference; fileEncoding = 4; lastKnownFileType = sourcecode.c.h; path = Vehicle.h; sourceTree = "<group>"; };
		F64104E91F09B025007898A7 /* Vehicle.m */ = {isa = PBXFileReference; fileEncoding = 4; lastKnownFileType = sourcecode.c.objc; path = Vehicle.m; sourceTree = "<group>"; };
/* End PBXFileReference section */

/* Begin PBXFrameworksBuildPhase section */
		F64104C81F09AFDD007898A7 /* Frameworks */ = {
			isa = PBXFrameworksBuildPhase;
			buildActionMask = 2147483647;
			files = (
			);
			runOnlyForDeploymentPostprocessing = 0;
		};
/* End PBXFrameworksBuildPhase section */

/* Begin PBXGroup section */
		F64104C21F09AFDD007898A7 = {
			isa = PBXGroup;
			children = (
				F64104CD1F09AFDD007898A7 /* getterSetter */,
				F64104CC1F09AFDD007898A7 /* Products */,
			);
			sourceTree = "<group>";
		};
		F64104CC1F09AFDD007898A7 /* Products */ = {
			isa = PBXGroup;
			children = (
				F64104CB1F09AFDD007898A7 /* getterSetter.app */,
			);
			name = Products;
			sourceTree = "<group>";
		};
		F64104CD1F09AFDD007898A7 /* getterSetter */ = {
			isa = PBXGroup;
			children = (
				F64104E81F09B025007898A7 /* Vehicle.h */,
				F64104E91F09B025007898A7 /* Vehicle.m */,
				F64104D11F09AFDD007898A7 /* AppDelegate.h */,
				F64104D21F09AFDD007898A7 /* AppDelegate.m */,
				F64104D41F09AFDD007898A7 /* ViewController.h */,
				F64104D51F09AFDD007898A7 /* ViewController.m */,
				F64104D71F09AFDD007898A7 /* Main.storyboard */,
				F64104DA1F09AFDD007898A7 /* Assets.xcassets */,
				F64104DC1F09AFDD007898A7 /* LaunchScreen.storyboard */,
				F64104DF1F09AFDD007898A7 /* Info.plist */,
				F64104CE1F09AFDD007898A7 /* Supporting Files */,
			);
			path = getterSetter;
			sourceTree = "<group>";
		};
		F64104CE1F09AFDD007898A7 /* Supporting Files */ = {
			isa = PBXGroup;
			children = (
				F64104CF1F09AFDD007898A7 /* main.m */,
			);
			name = "Supporting Files";
			sourceTree = "<group>";
		};
/* End PBXGroup section */

/* Begin PBXNativeTarget section */
		F64104CA1F09AFDD007898A7 /* getterSetter */ = {
			isa = PBXNativeTarget;
			buildConfigurationList = F64104E21F09AFDD007898A7 /* Build configuration list for PBXNativeTarget "getterSetter" */;
			buildPhases = (
				F64104C71F09AFDD007898A7 /* Sources */,
				F64104C81F09AFDD007898A7 /* Frameworks */,
				F64104C91F09AFDD007898A7 /* Resources */,
			);
			buildRules = (
			);
			dependencies = (
			);
			name = getterSetter;
			productName = getterSetter;
			productReference = F64104CB1F09AFDD007898A7 /* getterSetter.app */;
			productType = "com.apple.product-type.application";
		};
/* End PBXNativeTarget section */

/* Begin PBXProject section */
		F64104C31F09AFDD007898A7 /* Project object */ = {
			isa = PBXProject;
			attributes = {
				LastUpgradeCheck = 0830;
				ORGANIZATIONNAME = MiguelRochaJr;
				TargetAttributes = {
					F64104CA1F09AFDD007898A7 = {
						CreatedOnToolsVersion = 8.3.3;
						DevelopmentTeam = 4V9M5QNB99;
						ProvisioningStyle = Automatic;
					};
				};
			};
			buildConfigurationList = F64104C61F09AFDD007898A7 /* Build configuration list for PBXProject "getterSetter" */;
			compatibilityVersion = "Xcode 3.2";
			developmentRegion = English;
			hasScannedForEncodings = 0;
			knownRegions = (
				en,
				Base,
			);
			mainGroup = F64104C21F09AFDD007898A7;
			productRefGroup = F64104CC1F09AFDD007898A7 /* Products */;
			projectDirPath = "";
			projectRoot = "";
			targets = (
				F64104CA1F09AFDD007898A7 /* getterSetter */,
			);
		};
/* End PBXProject section */

/* Begin PBXResourcesBuildPhase section */
		F64104C91F09AFDD007898A7 /* Resources */ = {
			isa = PBXResourcesBuildPhase;
			buildActionMask = 2147483647;
			files = (
				F64104DE1F09AFDD007898A7 /* LaunchScreen.storyboard in Resources */,
				F64104DB1F09AFDD007898A7 /* Assets.xcassets in Resources */,
				F64104D91F09AFDD007898A7 /* Main.storyboard in Resources */,
			);
			runOnlyForDeploymentPostprocessing = 0;
		};
/* End PBXResourcesBuildPhase section */

/* Begin PBXSourcesBuildPhase section */
		F64104C71F09AFDD007898A7 /* Sources */ = {
			isa = PBXSourcesBuildPhase;
			buildActionMask = 2147483647;
			files = (
				F64104EA1F09B025007898A7 /* Vehicle.m in Sources */,
				F64104D61F09AFDD007898A7 /* ViewController.m in Sources */,
				F64104D31F09AFDD007898A7 /* AppDelegate.m in Sources */,
				F64104D01F09AFDD007898A7 /* main.m in Sources */,
			);
			runOnlyForDeploymentPostprocessing = 0;
		};
/* End PBXSourcesBuildPhase section */

/* Begin PBXVariantGroup section */
		F64104D71F09AFDD007898A7 /* Main.storyboard */ = {
			isa = PBXVariantGroup;
			children = (
				F64104D81F09AFDD007898A7 /* Base */,
			);
			name = Main.storyboard;
			sourceTree = "<group>";
		};
		F64104DC1F09AFDD007898A7 /* LaunchScreen.storyboard */ = {
			isa = PBXVariantGroup;
			children = (
				F64104DD1F09AFDD007898A7 /* Base */,
			);
			name = LaunchScreen.storyboard;
			sourceTree = "<group>";
		};
/* End PBXVariantGroup section */

/* Begin XCBuildConfiguration section */
		F64104E01F09AFDD007898A7 /* Debug */ = {
			isa = XCBuildConfiguration;
			buildSettings = {
				ALWAYS_SEARCH_USER_PATHS = NO;
				CLANG_ANALYZER_NONNULL = YES;
				CLANG_ANALYZER_NUMBER_OBJECT_CONVERSION = YES_AGGRESSIVE;
				CLANG_CXX_LANGUAGE_STANDARD = "gnu++0x";
				CLANG_CXX_LIBRARY = "libc++";
				CLANG_ENABLE_MODULES = YES;
				CLANG_ENABLE_OBJC_ARC = YES;
				CLANG_WARN_BOOL_CONVERSION = YES;
				CLANG_WARN_CONSTANT_CONVERSION = YES;
				CLANG_WARN_DIRECT_OBJC_ISA_USAGE = YES_ERROR;
				CLANG_WARN_DOCUMENTATION_COMMENTS = YES;
				CLANG_WARN_EMPTY_BODY = YES;
				CLANG_WARN_ENUM_CONVERSION = YES;
				CLANG_WARN_INFINITE_RECURSION = YES;
				CLANG_WARN_INT_CONVERSION = YES;
				CLANG_WARN_OBJC_ROOT_CLASS = YES_ERROR;
				CLANG_WARN_SUSPICIOUS_MOVE = YES;
				CLANG_WARN_UNREACHABLE_CODE = YES;
				CLANG_WARN__DUPLICATE_METHOD_MATCH = YES;
				"CODE_SIGN_IDENTITY[sdk=iphoneos*]" = "iPhone Developer";
				COPY_PHASE_STRIP = NO;
				DEBUG_INFORMATION_FORMAT = dwarf;
				ENABLE_STRICT_OBJC_MSGSEND = YES;
				ENABLE_TESTABILITY = YES;
				GCC_C_LANGUAGE_STANDARD = gnu99;
				GCC_DYNAMIC_NO_PIC = NO;
				GCC_NO_COMMON_BLOCKS = YES;
				GCC_OPTIMIZATION_LEVEL = 0;
				GCC_PREPROCESSOR_DEFINITIONS = (
					"DEBUG=1",
					"$(inherited)",
				);
				GCC_WARN_64_TO_32_BIT_CONVERSION = YES;
				GCC_WARN_ABOUT_RETURN_TYPE = YES_ERROR;
				GCC_WARN_UNDECLARED_SELECTOR = YES;
				GCC_WARN_UNINITIALIZED_AUTOS = YES_AGGRESSIVE;
				GCC_WARN_UNUSED_FUNCTION = YES;
				GCC_WARN_UNUSED_VARIABLE = YES;
				IPHONEOS_DEPLOYMENT_TARGET = 10.3;
				MTL_ENABLE_DEBUG_INFO = YES;
				ONLY_ACTIVE_ARCH = YES;
				SDKROOT = iphoneos;
				TARGETED_DEVICE_FAMILY = "1,2";
			};
			name = Debug;
		};
		F64104E11F09AFDD007898A7 /* Release */ = {
			isa = XCBuildConfiguration;
			buildSettings = {
				ALWAYS_SEARCH_USER_PATHS = NO;
				CLANG_ANALYZER_NONNULL = YES;
				CLANG_ANALYZER_NUMBER_OBJECT_CONVERSION = YES_AGGRESSIVE;
				CLANG_CXX_LANGUAGE_STANDARD = "gnu++0x";
				CLANG_CXX_LIBRARY = "libc++";
				CLANG_ENABLE_MODULES = YES;
				CLANG_ENABLE_OBJC_ARC = YES;
				CLANG_WARN_BOOL_CONVERSION = YES;
				CLANG_WARN_CONSTANT_CONVERSION = YES;
				CLANG_WARN_DIRECT_OBJC_ISA_USAGE = YES_ERROR;
				CLANG_WARN_DOCUMENTATION_COMMENTS = YES;
				CLANG_WARN_EMPTY_BODY = YES;
				CLANG_WARN_ENUM_CONVERSION = YES;
				CLANG_WARN_INFINITE_RECURSION = YES;
				CLANG_WARN_INT_CONVERSION = YES;
				CLANG_WARN_OBJC_ROOT_CLASS = YES_ERROR;
				CLANG_WARN_SUSPICIOUS_MOVE = YES;
				CLANG_WARN_UNREACHABLE_CODE = YES;
				CLANG_WARN__DUPLICATE_METHOD_MATCH = YES;
				"CODE_SIGN_IDENTITY[sdk=iphoneos*]" = "iPhone Developer";
				COPY_PHASE_STRIP = NO;
				DEBUG_INFORMATION_FORMAT = "dwarf-with-dsym";
				ENABLE_NS_ASSERTIONS = NO;
				ENABLE_STRICT_OBJC_MSGSEND = YES;
				GCC_C_LANGUAGE_STANDARD = gnu99;
				GCC_NO_COMMON_BLOCKS = YES;
				GCC_WARN_64_TO_32_BIT_CONVERSION = YES;
				GCC_WARN_ABOUT_RETURN_TYPE = YES_ERROR;
				GCC_WARN_UNDECLARED_SELECTOR = YES;
				GCC_WARN_UNINITIALIZED_AUTOS = YES_AGGRESSIVE;
				GCC_WARN_UNUSED_FUNCTION = YES;
				GCC_WARN_UNUSED_VARIABLE = YES;
				IPHONEOS_DEPLOYMENT_TARGET = 10.3;
				MTL_ENABLE_DEBUG_INFO = NO;
				SDKROOT = iphoneos;
				TARGETED_DEVICE_FAMILY = "1,2";
				VALIDATE_PRODUCT = YES;
			};
			name = Release;
		};
		F64104E31F09AFDD007898A7 /* Debug */ = {
			isa = XCBuildConfiguration;
			buildSettings = {
				ASSETCATALOG_COMPILER_APPICON_NAME = AppIcon;
				DEVELOPMENT_TEAM = 4V9M5QNB99;
				INFOPLIST_FILE = getterSetter/Info.plist;
				LD_RUNPATH_SEARCH_PATHS = "$(inherited) @executable_path/Frameworks";
				PRODUCT_BUNDLE_IDENTIFIER = MiguelRochaJr.getterSetter;
				PRODUCT_NAME = "$(TARGET_NAME)";
			};
			name = Debug;
		};
		F64104E41F09AFDD007898A7 /* Release */ = {
			isa = XCBuildConfiguration;
			buildSettings = {
				ASSETCATALOG_COMPILER_APPICON_NAME = AppIcon;
				DEVELOPMENT_TEAM = 4V9M5QNB99;
				INFOPLIST_FILE = getterSetter/Info.plist;
				LD_RUNPATH_SEARCH_PATHS = "$(inherited) @executable_path/Frameworks";
				PRODUCT_BUNDLE_IDENTIFIER = MiguelRochaJr.getterSetter;
				PRODUCT_NAME = "$(TARGET_NAME)";
			};
			name = Release;
		};
/* End XCBuildConfiguration section */

/* Begin XCConfigurationList section */
		F64104C61F09AFDD007898A7 /* Build configuration list for PBXProject "getterSetter" */ = {
			isa = XCConfigurationList;
			buildConfigurations = (
				F64104E01F09AFDD007898A7 /* Debug */,
				F64104E11F09AFDD007898A7 /* Release */,
			);
			defaultConfigurationIsVisible = 0;
			defaultConfigurationName = Release;
		};
		F64104E21F09AFDD007898A7 /* Build configuration list for PBXNativeTarget "getterSetter" */ = {
			isa = XCConfigurationList;
			buildConfigurations = (
				F64104E31F09AFDD007898A7 /* Debug */,
				F64104E41F09AFDD007898A7 /* Release */,
			);
			defaultConfigurationIsVisible = 0;
		};
/* End XCConfigurationList section */
	};
	rootObject = F64104C31F09AFDD007898A7 /* Project object */;
}
